
Microsoft Visual Studio Solution File, Format Version 12.00
# Visual Studio Version 16
VisualStudioVersion = 16.0.31702.278
MinimumVisualStudioVersion = 10.0.40219.1
Project("{FAE04EC0-301F-11D3-BF4B-00C04F79EFBC}") = "demoapp", "demoapp\demoapp.csproj", "{1C9CC237-9953-4066-B417-4352651FD72C}"
EndProject
Global
	GlobalSection(SolutionConfigurationPlatforms) = preSolution
		Debug|Any CPU = Debug|Any CPU
		Release|Any CPU = Release|Any CPU
	EndGlobalSection
	GlobalSection(ProjectConfigurationPlatforms) = postSolution
		{1C9CC237-9953-4066-B417-4352651FD72C}.Debug|Any CPU.ActiveCfg = Debug|Any CPU
		{1C9CC237-9953-4066-B417-4352651FD72C}.Debug|Any CPU.Build.0 = Debug|Any CPU
		{1C9CC237-9953-4066-B417-4352651FD72C}.Release|Any CPU.ActiveCfg = Release|Any CPU
		{1C9CC237-9953-4066-B417-4352651FD72C}.Release|Any CPU.Build.0 = Release|Any CPU
	EndGlobalSection
	GlobalSection(SolutionProperties) = preSolution
		HideSolutionNode = FALSE
	EndGlobalSection
	GlobalSection(ExtensibilityGlobals) = postSolution
		SolutionGuid = {B0E94815-D579-4076-8771-279C79EDBD34}
	EndGlobalSection
EndGlobal
